
Microsoft Visual Studio Solution File, Format Version 12.00
# Visual Studio Version 16
VisualStudioVersion = 16.0.30804.86
MinimumVisualStudioVersion = 10.0.40219.1
Project("{FAE04EC0-301F-11D3-BF4B-00C04F79EFBC}") = "Savas.Desktop", "Savas.Dekstop\Savas.Desktop.csproj", "{97154B48-DBE8-4E72-AF71-7C1132EE68DB}"
EndProject
Project("{FAE04EC0-301F-11D3-BF4B-00C04F79EFBC}") = "Savas.Library", "Savas.Library\Savas.Library.csproj", "{7D4EA29F-A3C5-4407-A72A-2DBBE2F8E7B7}"
EndProject
Global
	GlobalSection(SolutionConfigurationPlatforms) = preSolution
		Debug|Any CPU = Debug|Any CPU
		Release|Any CPU = Release|Any CPU
	EndGlobalSection
	GlobalSection(ProjectConfigurationPlatforms) = postSolution
		{97154B48-DBE8-4E72-AF71-7C1132EE68DB}.Debug|Any CPU.ActiveCfg = Debug|Any CPU
		{97154B48-DBE8-4E72-AF71-7C1132EE68DB}.Debug|Any CPU.Build.0 = Debug|Any CPU
		{97154B48-DBE8-4E72-AF71-7C1132EE68DB}.Release|Any CPU.ActiveCfg = Release|Any CPU
		{97154B48-DBE8-4E72-AF71-7C1132EE68DB}.Release|Any CPU.Build.0 = Release|Any CPU
		{7D4EA29F-A3C5-4407-A72A-2DBBE2F8E7B7}.Debug|Any CPU.ActiveCfg = Debug|Any CPU
		{7D4EA29F-A3C5-4407-A72A-2DBBE2F8E7B7}.Debug|Any CPU.Build.0 = Debug|Any CPU
		{7D4EA29F-A3C5-4407-A72A-2DBBE2F8E7B7}.Release|Any CPU.ActiveCfg = Release|Any CPU
		{7D4EA29F-A3C5-4407-A72A-2DBBE2F8E7B7}.Release|Any CPU.Build.0 = Release|Any CPU
	EndGlobalSection
	GlobalSection(SolutionProperties) = preSolution
		HideSolutionNode = FALSE
	EndGlobalSection
	GlobalSection(ExtensibilityGlobals) = postSolution
		SolutionGuid = {A28DBD25-5826-4BB4-A41D-9C1CFB67DE64}
	EndGlobalSection
EndGlobal
